
Microsoft Visual Studio Solution File, Format Version 12.00
# Visual Studio 2012
Project("{FAE04EC0-301F-11D3-BF4B-00C04F79EFBC}") = "Core", "Core\Core.csproj", "{FBC80EA9-DAFA-4143-9C78-5A79BB6FEFCF}"
EndProject
Global
	GlobalSection(SolutionConfigurationPlatforms) = preSolution
		Debug|Any CPU = Debug|Any CPU
		Release|Any CPU = Release|Any CPU
	EndGlobalSection
	GlobalSection(ProjectConfigurationPlatforms) = postSolution
		{FBC80EA9-DAFA-4143-9C78-5A79BB6FEFCF}.Debug|Any CPU.ActiveCfg = Debug|Any CPU
		{FBC80EA9-DAFA-4143-9C78-5A79BB6FEFCF}.Debug|Any CPU.Build.0 = Debug|Any CPU
		{FBC80EA9-DAFA-4143-9C78-5A79BB6FEFCF}.Release|Any CPU.ActiveCfg = Release|Any CPU
		{FBC80EA9-DAFA-4143-9C78-5A79BB6FEFCF}.Release|Any CPU.Build.0 = Release|Any CPU
	EndGlobalSection
EndGlobal
